
Microsoft Visual Studio Solution File, Format Version 12.00
# Visual Studio Version 16
VisualStudioVersion = 16.0.31321.278
MinimumVisualStudioVersion = 10.0.40219.1
Project("{9A19103F-16F7-4668-BE54-9A1E7A4F7556}") = "API", "API\API.csproj", "{74EFBE0D-1E59-443D-A953-8F07C8B50AB4}"
EndProject
Project("{9A19103F-16F7-4668-BE54-9A1E7A4F7556}") = "DLL", "DLL\DLL.csproj", "{0D8AA712-1717-4EAF-B64D-0C66D2A81A50}"
EndProject
Project("{9A19103F-16F7-4668-BE54-9A1E7A4F7556}") = "BLL", "BLL\BLL.csproj", "{6316A39C-E657-4E2A-AE50-374B250F64BE}"
EndProject
Project("{9A19103F-16F7-4668-BE54-9A1E7A4F7556}") = "Utilities", "Utilities\Utilities.csproj", "{222B8E04-2282-4F97-B326-FF6F75A6005E}"
EndProject
Project("{E53339B2-1760-4266-BCC7-CA923CBCF16C}") = "docker-compose", "docker-compose.dcproj", "{AAB34360-C9C7-42F9-BBC8-EEFD67C22D5F}"
EndProject
Global
	GlobalSection(SolutionConfigurationPlatforms) = preSolution
		Debug|Any CPU = Debug|Any CPU
		Release|Any CPU = Release|Any CPU
	EndGlobalSection
	GlobalSection(ProjectConfigurationPlatforms) = postSolution
		{74EFBE0D-1E59-443D-A953-8F07C8B50AB4}.Debug|Any CPU.ActiveCfg = Debug|Any CPU
		{74EFBE0D-1E59-443D-A953-8F07C8B50AB4}.Debug|Any CPU.Build.0 = Debug|Any CPU
		{74EFBE0D-1E59-443D-A953-8F07C8B50AB4}.Release|Any CPU.ActiveCfg = Release|Any CPU
		{74EFBE0D-1E59-443D-A953-8F07C8B50AB4}.Release|Any CPU.Build.0 = Release|Any CPU
		{0D8AA712-1717-4EAF-B64D-0C66D2A81A50}.Debug|Any CPU.ActiveCfg = Debug|Any CPU
		{0D8AA712-1717-4EAF-B64D-0C66D2A81A50}.Debug|Any CPU.Build.0 = Debug|Any CPU
		{0D8AA712-1717-4EAF-B64D-0C66D2A81A50}.Release|Any CPU.ActiveCfg = Release|Any CPU
		{0D8AA712-1717-4EAF-B64D-0C66D2A81A50}.Release|Any CPU.Build.0 = Release|Any CPU
		{6316A39C-E657-4E2A-AE50-374B250F64BE}.Debug|Any CPU.ActiveCfg = Debug|Any CPU
		{6316A39C-E657-4E2A-AE50-374B250F64BE}.Debug|Any CPU.Build.0 = Debug|Any CPU
		{6316A39C-E657-4E2A-AE50-374B250F64BE}.Release|Any CPU.ActiveCfg = Release|Any CPU
		{6316A39C-E657-4E2A-AE50-374B250F64BE}.Release|Any CPU.Build.0 = Release|Any CPU
		{222B8E04-2282-4F97-B326-FF6F75A6005E}.Debug|Any CPU.ActiveCfg = Debug|Any CPU
		{222B8E04-2282-4F97-B326-FF6F75A6005E}.Debug|Any CPU.Build.0 = Debug|Any CPU
		{222B8E04-2282-4F97-B326-FF6F75A6005E}.Release|Any CPU.ActiveCfg = Release|Any CPU
		{222B8E04-2282-4F97-B326-FF6F75A6005E}.Release|Any CPU.Build.0 = Release|Any CPU
		{AAB34360-C9C7-42F9-BBC8-EEFD67C22D5F}.Debug|Any CPU.ActiveCfg = Debug|Any CPU
		{AAB34360-C9C7-42F9-BBC8-EEFD67C22D5F}.Debug|Any CPU.Build.0 = Debug|Any CPU
		{AAB34360-C9C7-42F9-BBC8-EEFD67C22D5F}.Release|Any CPU.ActiveCfg = Release|Any CPU
		{AAB34360-C9C7-42F9-BBC8-EEFD67C22D5F}.Release|Any CPU.Build.0 = Release|Any CPU
	EndGlobalSection
	GlobalSection(SolutionProperties) = preSolution
		HideSolutionNode = FALSE
	EndGlobalSection
	GlobalSection(ExtensibilityGlobals) = postSolution
		SolutionGuid = {F1648E3E-7F6F-4918-90E0-84DEFC7CCE36}
	EndGlobalSection
EndGlobal
